
Microsoft Visual Studio Solution File, Format Version 12.00
# Visual Studio 2017
Project("{FAE04EC0-301F-11D3-BF4B-00C04F79EFBC}") = "mysharedexp", "mysharedexp.csproj", "{4A15F39C-1CAB-218F-9ECD-6BD2E6FEFB41}"
EndProject
Project("{FAE04EC0-301F-11D3-BF4B-00C04F79EFBC}") = "mysharedexp.Editor", "mysharedexp.Editor.csproj", "{76688EAC-6D1B-A808-D452-78496120C80F}"
EndProject
Global
	GlobalSection(SolutionConfigurationPlatforms) = preSolution
		Debug|Any CPU = Debug|Any CPU
		Release|Any CPU = Release|Any CPU
	EndGlobalSection
	GlobalSection(ProjectConfigurationPlatforms) = postSolution
		{4A15F39C-1CAB-218F-9ECD-6BD2E6FEFB41}.Debug|Any CPU.ActiveCfg = Debug|Any CPU
		{4A15F39C-1CAB-218F-9ECD-6BD2E6FEFB41}.Debug|Any CPU.Build.0 = Debug|Any CPU
		{4A15F39C-1CAB-218F-9ECD-6BD2E6FEFB41}.Release|Any CPU.ActiveCfg = Release|Any CPU
		{4A15F39C-1CAB-218F-9ECD-6BD2E6FEFB41}.Release|Any CPU.Build.0 = Release|Any CPU
		{76688EAC-6D1B-A808-D452-78496120C80F}.Debug|Any CPU.ActiveCfg = Debug|Any CPU
		{76688EAC-6D1B-A808-D452-78496120C80F}.Debug|Any CPU.Build.0 = Debug|Any CPU
		{76688EAC-6D1B-A808-D452-78496120C80F}.Release|Any CPU.ActiveCfg = Release|Any CPU
		{76688EAC-6D1B-A808-D452-78496120C80F}.Release|Any CPU.Build.0 = Release|Any CPU
	EndGlobalSection
	GlobalSection(SolutionProperties) = preSolution
		HideSolutionNode = FALSE
	EndGlobalSection
EndGlobal
